
Microsoft Visual Studio Solution File, Format Version 12.00
# Visual Studio Version 17
VisualStudioVersion = 17.14.36221.1 d17.14
MinimumVisualStudioVersion = 10.0.40219.1
Project("{FAE04EC0-301F-11D3-BF4B-00C04F79EFBC}") = "Lab3", "Lab3\Lab3.csproj", "{E0D9EE79-541D-45A3-883B-0036B8159922}"
EndProject
Global
	GlobalSection(SolutionConfigurationPlatforms) = preSolution
		Debug|Any CPU = Debug|Any CPU
		Release|Any CPU = Release|Any CPU
	EndGlobalSection
	GlobalSection(ProjectConfigurationPlatforms) = postSolution
		{E0D9EE79-541D-45A3-883B-0036B8159922}.Debug|Any CPU.ActiveCfg = Debug|Any CPU
		{E0D9EE79-541D-45A3-883B-0036B8159922}.Debug|Any CPU.Build.0 = Debug|Any CPU
		{E0D9EE79-541D-45A3-883B-0036B8159922}.Release|Any CPU.ActiveCfg = Release|Any CPU
		{E0D9EE79-541D-45A3-883B-0036B8159922}.Release|Any CPU.Build.0 = Release|Any CPU
	EndGlobalSection
	GlobalSection(SolutionProperties) = preSolution
		HideSolutionNode = FALSE
	EndGlobalSection
	GlobalSection(ExtensibilityGlobals) = postSolution
		SolutionGuid = {869B2E35-858D-4CF2-858B-DCF73CD96D89}
	EndGlobalSection
EndGlobal
