
Microsoft Visual Studio Solution File, Format Version 12.00
# Visual Studio Version 17
VisualStudioVersion = 17.14.36221.1 d17.14
MinimumVisualStudioVersion = 10.0.40219.1
Project("{FAE04EC0-301F-11D3-BF4B-00C04F79EFBC}") = "Lab2", "Lab2\Lab2.csproj", "{FE0BBD1A-E373-4E1E-A1A2-11CF5D726E37}"
EndProject
Project("{FAE04EC0-301F-11D3-BF4B-00C04F79EFBC}") = "Lab2Nirajan", "Lab2Nirajan\Lab2Nirajan.csproj", "{6A03DF20-8F62-4807-880D-C729453BD018}"
EndProject
Global
	GlobalSection(SolutionConfigurationPlatforms) = preSolution
		Debug|Any CPU = Debug|Any CPU
		Release|Any CPU = Release|Any CPU
	EndGlobalSection
	GlobalSection(ProjectConfigurationPlatforms) = postSolution
		{FE0BBD1A-E373-4E1E-A1A2-11CF5D726E37}.Debug|Any CPU.ActiveCfg = Debug|Any CPU
		{FE0BBD1A-E373-4E1E-A1A2-11CF5D726E37}.Debug|Any CPU.Build.0 = Debug|Any CPU
		{FE0BBD1A-E373-4E1E-A1A2-11CF5D726E37}.Release|Any CPU.ActiveCfg = Release|Any CPU
		{FE0BBD1A-E373-4E1E-A1A2-11CF5D726E37}.Release|Any CPU.Build.0 = Release|Any CPU
		{6A03DF20-8F62-4807-880D-C729453BD018}.Debug|Any CPU.ActiveCfg = Debug|Any CPU
		{6A03DF20-8F62-4807-880D-C729453BD018}.Debug|Any CPU.Build.0 = Debug|Any CPU
		{6A03DF20-8F62-4807-880D-C729453BD018}.Release|Any CPU.ActiveCfg = Release|Any CPU
		{6A03DF20-8F62-4807-880D-C729453BD018}.Release|Any CPU.Build.0 = Release|Any CPU
	EndGlobalSection
	GlobalSection(SolutionProperties) = preSolution
		HideSolutionNode = FALSE
	EndGlobalSection
	GlobalSection(ExtensibilityGlobals) = postSolution
		SolutionGuid = {8E2BBA4B-594D-4141-AD1F-EE4C0E0589EB}
	EndGlobalSection
EndGlobal
