
Microsoft Visual Studio Solution File, Format Version 12.00
# Visual Studio Version 17
VisualStudioVersion = 17.14.36429.23 d17.14
MinimumVisualStudioVersion = 10.0.40219.1
Project("{FAE04EC0-301F-11D3-BF4B-00C04F79EFBC}") = "Lab", "Lab.csproj", "{38D58532-9A43-4B60-BC1C-9E7EAB933C3B}"
EndProject
Global
	GlobalSection(SolutionConfigurationPlatforms) = preSolution
		Debug|Any CPU = Debug|Any CPU
		Release|Any CPU = Release|Any CPU
	EndGlobalSection
	GlobalSection(ProjectConfigurationPlatforms) = postSolution
		{38D58532-9A43-4B60-BC1C-9E7EAB933C3B}.Debug|Any CPU.ActiveCfg = Debug|Any CPU
		{38D58532-9A43-4B60-BC1C-9E7EAB933C3B}.Debug|Any CPU.Build.0 = Debug|Any CPU
		{38D58532-9A43-4B60-BC1C-9E7EAB933C3B}.Release|Any CPU.ActiveCfg = Release|Any CPU
		{38D58532-9A43-4B60-BC1C-9E7EAB933C3B}.Release|Any CPU.Build.0 = Release|Any CPU
	EndGlobalSection
	GlobalSection(SolutionProperties) = preSolution
		HideSolutionNode = FALSE
	EndGlobalSection
	GlobalSection(ExtensibilityGlobals) = postSolution
		SolutionGuid = {A18C11DA-28BC-4964-92F3-3D6B98EA8C82}
	EndGlobalSection
EndGlobal
